
Microsoft Visual Studio Solution File, Format Version 12.00
# Visual Studio Version 17
VisualStudioVersion = 17.5.33414.496
MinimumVisualStudioVersion = 10.0.40219.1
Project("{FAE04EC0-301F-11D3-BF4B-00C04F79EFBC}") = "Assessment 3 Task C", "Assessment 3 Task C\Assessment 3 Task C.csproj", "{BE41E9F5-05A4-47AD-8329-8E9B60ED2AAE}"
EndProject
Global
	GlobalSection(SolutionConfigurationPlatforms) = preSolution
		Debug|Any CPU = Debug|Any CPU
		Release|Any CPU = Release|Any CPU
	EndGlobalSection
	GlobalSection(ProjectConfigurationPlatforms) = postSolution
		{BE41E9F5-05A4-47AD-8329-8E9B60ED2AAE}.Debug|Any CPU.ActiveCfg = Debug|Any CPU
		{BE41E9F5-05A4-47AD-8329-8E9B60ED2AAE}.Debug|Any CPU.Build.0 = Debug|Any CPU
		{BE41E9F5-05A4-47AD-8329-8E9B60ED2AAE}.Release|Any CPU.ActiveCfg = Release|Any CPU
		{BE41E9F5-05A4-47AD-8329-8E9B60ED2AAE}.Release|Any CPU.Build.0 = Release|Any CPU
	EndGlobalSection
	GlobalSection(SolutionProperties) = preSolution
		HideSolutionNode = FALSE
	EndGlobalSection
	GlobalSection(ExtensibilityGlobals) = postSolution
		SolutionGuid = {59B16AAA-0E95-4AF4-8A77-25B32D4ABF2C}
	EndGlobalSection
EndGlobal
